{
  "name": "modulrsa",
  "version": "1.0.0",
  "lockfileVersion": 1,
  "requires": true,
  "dependencies": {
    "bigint-conversion": {
      "version": "2.1.1",
      "resolved": "https://registry.npmjs.org/bigint-conversion/-/bigint-conversion-2.1.1.tgz",
      "integrity": "sha512-nZbEecWm2CZV8piMNOyaJrOVg1FN824cNmZG14eR9lXDe9YP4iT+y/+OmKEo+Fil6cqL9KZSHQ1MGh7+7gYzMA=="
    },
    "bigint-crypto-utils": {
      "version": "2.5.0",
      "resolved": "https://registry.npmjs.org/bigint-crypto-utils/-/bigint-crypto-utils-2.5.0.tgz",
      "integrity": "sha512-9I+Bc6itJ5c8+7/ztchIilbHzxepBaUbz0eubVH2L7Gp/GPxiyNZJ65wcyOfjpSSeMiWa+0PcrQxLpX0hxyGGg=="
    }
  }
}
